PODS:
  - AFNetworking (2.5.0):
    - AFNetworking/NSURLConnection
    - AFNetworking/NSURLSession
    - AFNetworking/Reachability
    - AFNetworking/Security
    - AFNetworking/Serialization
    - AFNetworking/UIKit
  - AFNetworking/NSURLConnection (2.5.0):
    - AFNetworking/Reachability
    - AFNetworking/Security
    - AFNetworking/Serialization
  - AFNetworking/NSURLSession (2.5.0):
    - AFNetworking/Reachability
    - AFNetworking/Security
    - AFNetworking/Serialization
  - AFNetworking/Reachability (2.5.0)
  - AFNetworking/Security (2.5.0)
  - AFNetworking/Serialization (2.5.0)
  - AFNetworking/UIKit (2.5.0):
    - AFNetworking/NSURLConnection
    - AFNetworking/NSURLSession
  - DejalActivityView (1.2)
  - JMStaticContentTableViewController (0.3.1)
  - RaptureXML (1.0.1)
  - RESideMenu (4.0.7)

DEPENDENCIES:
  - AFNetworking (~> 2.0)
  - DejalActivityView
  - JMStaticContentTableViewController (~> 0.3.1)
  - RaptureXML
  - RESideMenu (~> 4.0.7)

SPEC CHECKSUMS:
  AFNetworking: 0f54cb5d16ce38c1b76948faffb8d5fb705021c7
  DejalActivityView: ef0970deefe891fefd57af27765ddb21a8265755
  JMStaticContentTableViewController: be138bbff638f6b8763ec828dacac574efbe9640
  RaptureXML: b9b0aca9c68c684c189af73dd5e8f8fdeec74600
  RESideMenu: a9c1cd2e64e60e1d3166ddac01a83e215a0e4d30

COCOAPODS: 0.34.4
